<Solution>
  <Folder Name="/Solution Items/">
    <File Path=".gitignore" />
    <File Path="CLAUDE.md" />
    <File Path="Directory.Packages.props" />
    <File Path="global.json" />
    <File Path="README.adoc" />
    <File Path="build.ps1" />
  </Folder>
  <Folder Name="/src/">
    <Project Path="src\RZ.Foundation.AI\RZ.Foundation.AI.csproj" />
  </Folder>
  <Folder Name="/test/">
    <Project Path="test/UnitTests/UnitTests.csproj" />
    <Project Path="test\FoundationAITests\FoundationAITests.csproj" />
  </Folder>
</Solution>